
Microsoft Visual Studio Solution File, Format Version 12.00
# Visual Studio Version 17
VisualStudioVersion = 17.2.32602.215
MinimumVisualStudioVersion = 10.0.40219.1
Project("{FAE04EC0-301F-11D3-BF4B-00C04F79EFBC}") = "ConsumiendoWCF-WForm", "ConsumiendoWCF-WForm\ConsumiendoWCF-WForm.csproj", "{671E653D-AA81-4DF0-B23E-29AC5AD95B63}"
EndProject
Global
	GlobalSection(SolutionConfigurationPlatforms) = preSolution
		Debug|Any CPU = Debug|Any CPU
		Release|Any CPU = Release|Any CPU
	EndGlobalSection
	GlobalSection(ProjectConfigurationPlatforms) = postSolution
		{671E653D-AA81-4DF0-B23E-29AC5AD95B63}.Debug|Any CPU.ActiveCfg = Debug|Any CPU
		{671E653D-AA81-4DF0-B23E-29AC5AD95B63}.Debug|Any CPU.Build.0 = Debug|Any CPU
		{671E653D-AA81-4DF0-B23E-29AC5AD95B63}.Release|Any CPU.ActiveCfg = Release|Any CPU
		{671E653D-AA81-4DF0-B23E-29AC5AD95B63}.Release|Any CPU.Build.0 = Release|Any CPU
	EndGlobalSection
	GlobalSection(SolutionProperties) = preSolution
		HideSolutionNode = FALSE
	EndGlobalSection
	GlobalSection(ExtensibilityGlobals) = postSolution
		SolutionGuid = {B74EF585-B335-44FA-931A-74FAB0DE7A7A}
	EndGlobalSection
EndGlobal
