
Microsoft Visual Studio Solution File, Format Version 12.00
# Visual Studio Version 17
VisualStudioVersion = 17.2.32602.215
MinimumVisualStudioVersion = 10.0.40219.1
Project("{FAE04EC0-301F-11D3-BF4B-00C04F79EFBC}") = "ConsumiendoWCF", "ConsumiendoWCF\ConsumiendoWCF.csproj", "{395EDCCB-99A0-45B0-8EC5-31C4E6292FB9}"
EndProject
Global
	GlobalSection(SolutionConfigurationPlatforms) = preSolution
		Debug|Any CPU = Debug|Any CPU
		Release|Any CPU = Release|Any CPU
	EndGlobalSection
	GlobalSection(ProjectConfigurationPlatforms) = postSolution
		{395EDCCB-99A0-45B0-8EC5-31C4E6292FB9}.Debug|Any CPU.ActiveCfg = Debug|Any CPU
		{395EDCCB-99A0-45B0-8EC5-31C4E6292FB9}.Debug|Any CPU.Build.0 = Debug|Any CPU
		{395EDCCB-99A0-45B0-8EC5-31C4E6292FB9}.Release|Any CPU.ActiveCfg = Release|Any CPU
		{395EDCCB-99A0-45B0-8EC5-31C4E6292FB9}.Release|Any CPU.Build.0 = Release|Any CPU
	EndGlobalSection
	GlobalSection(SolutionProperties) = preSolution
		HideSolutionNode = FALSE
	EndGlobalSection
	GlobalSection(ExtensibilityGlobals) = postSolution
		SolutionGuid = {A35CBABC-46D8-4B7E-A32C-97A1E786B4C4}
	EndGlobalSection
EndGlobal
