
Microsoft Visual Studio Solution File, Format Version 12.00
# Visual Studio Version 17
VisualStudioVersion = 17.2.32602.215
MinimumVisualStudioVersion = 10.0.40219.1
Project("{FAE04EC0-301F-11D3-BF4B-00C04F79EFBC}") = "WCFServiceMedico", "WCFServiceMedico\WCFServiceMedico.csproj", "{6484DCB9-6B3A-4DF0-A4DF-E1A5658ED127}"
EndProject
Global
	GlobalSection(SolutionConfigurationPlatforms) = preSolution
		Debug|Any CPU = Debug|Any CPU
		Release|Any CPU = Release|Any CPU
	EndGlobalSection
	GlobalSection(ProjectConfigurationPlatforms) = postSolution
		{6484DCB9-6B3A-4DF0-A4DF-E1A5658ED127}.Debug|Any CPU.ActiveCfg = Debug|Any CPU
		{6484DCB9-6B3A-4DF0-A4DF-E1A5658ED127}.Debug|Any CPU.Build.0 = Debug|Any CPU
		{6484DCB9-6B3A-4DF0-A4DF-E1A5658ED127}.Release|Any CPU.ActiveCfg = Release|Any CPU
		{6484DCB9-6B3A-4DF0-A4DF-E1A5658ED127}.Release|Any CPU.Build.0 = Release|Any CPU
	EndGlobalSection
	GlobalSection(SolutionProperties) = preSolution
		HideSolutionNode = FALSE
	EndGlobalSection
	GlobalSection(ExtensibilityGlobals) = postSolution
		SolutionGuid = {30ADA73C-104B-40DA-B383-2436E3516E3F}
	EndGlobalSection
EndGlobal
